version = 1
revision = 3
requires-python = ">=3.11"

[manifest]
members = [
    "pi-panel-ctl",
    "pi-panel-tui-kit",
    "pi-panel-varlink",
]

[manifest.dependency-groups]
dev = [
    { name = "pytest", specifier = ">=8" },
    { name = "pytest-asyncio", specifier = ">=0.24" },
]

[[package]]
name = "colorama"
version = "0.4.6"
source = { registry = "https://pypi.org/simple" }
sdist = { url = "https://files.pythonhosted.org/packages/d8/53/6f443c9a4a8358a93a6792e2acffb9d9d5cb0a5cfd8802644b7b1c9a02e4/colorama-0.4.6.tar.gz", hash = "sha256:08695f5cb7ed6e0531a20572697297273c47b8cae5a63ffc6d6ed5c201be6e44", size = 27697, upload-time = "2022-10-25T02:36:22.414Z" }
wheels = [
    { url = "https://files.pythonhosted.org/packages/d1/d6/3965ed04c63042e047cb6a3e6ed1a63a35087b6a609aa3a15ed8ac56c221/colorama-0.4.6-py2.py3-none-any.whl", hash = "sha256:4f1d9991f5acc0ca119f9d443620b77f9d6b33703e51011c16baf57afb285fc6", size = 25335, upload-time = "2022-10-25T02:36:20.889Z" },
]

[[package]]
name = "dbus-fast"
version = "5.0.22"
source = { registry = "https://pypi.org/simple" }
sdist = { url = "https://files.pythonhosted.org/packages/aa/db/b621610e50b1bc46ff63534d75239553c1bf33256de6096b58214fd9808a/dbus_fast-5.0.22.tar.gz", hash = "sha256:34dc67d7d21a12399828dd13e63b352750580beea54ea7c729e708f2d2905fef", size = 83224, upload-time = "2026-06-05T18:47:59.171Z" }
wheels = [
    { url = "https://files.pythonhosted.org/packages/ab/1d/f6020228675338b7184ce5491e4535fb64c7badc0197151b9776f345a1a1/dbus_fast-5.0.22-cp311-cp311-macosx_11_0_arm64.whl", hash = "sha256:f0926e4cf49989b4ec8233e8fd462eb35a640fcfe81bb75d91675dd47489022b", size = 693158, upload-time = "2026-06-05T18:55:49.874Z" },
    { url = "https://files.pythonhosted.org/packages/ec/84/dfb014de75a3a854dccaae1cce8f840e4312e3efc781768eedd60d25d9ef/dbus_fast-5.0.22-cp311-cp311-manylinux2014_aarch64.manylinux_2_17_aarch64.manylinux_2_28_aarch64.whl", hash = "sha256:846f9a6602b4383f989201f7851459fb225a8912cd24b38e63894748545c3040", size = 838836, upload-time = "2026-06-05T18:55:51.51Z" },
    { url = "https://files.pythonhosted.org/packages/70/c2/be41bcc678e97092d44ba22d09ce687f76c955b3367a7e6863377b1cfea5/dbus_fast-5.0.22-cp311-cp311-manylinux2014_x86_64.manylinux_2_17_x86_64.manylinux_2_28_x86_64.whl", hash = "sha256:886b43446b6fdc3986befbbb88db1365b14e49dd0a7edf84c2c67ac66c7160a4", size = 883163, upload-time = "2026-06-05T18:55:53Z" },
    { url = "https://files.pythonhosted.org/packages/17/cf/336c08f88fdd813a39fc1603a10a15aec67115e08a895e7c9840df54d4d7/dbus_fast-5.0.22-cp311-cp311-manylinux_2_31_riscv64.manylinux_2_39_riscv64.whl", hash = "sha256:3a699fca957acc845ddb12b47f741dba23ce147fdb93583e0c7e7bad3e9b2355", size = 886852, upload-time = "2026-06-05T18:55:54.434Z" },
    { url = "https://files.pythonhosted.org/packages/04/f1/7c1aa53f25252a2317f21ad6e8eaa125246d2585ea4611f3f10a6feaeeb1/dbus_fast-5.0.22-cp311-cp311-musllinux_1_2_aarch64.whl", hash = "sha256:9a5b05fd4973862042e5bee2c5e8c5a15297e0b33a975bf25b44becf7bcb3618", size = 846497, upload-time = "2026-06-05T18:55:56.193Z" },
    { url = "https://files.pythonhosted.org/packages/4c/32/a981ef2305f1bf41e538e02fa0cd69614f9043fd00ca965bf3044416c79b/dbus_fast-5.0.22-cp311-cp311-musllinux_1_2_riscv64.whl", hash = "sha256:6c4dae5292a7924ec062815c34b49043d8386cd22e165f9fb4012de00997cdf1", size = 882275, upload-time = "2026-06-05T18:55:57.653Z" },
    { url = "https://files.pythonhosted.org/packages/d9/a0/78800a172f4ca32e19a70a36e175f54831f33a497c9644f3a3fa4dce01ea/dbus_fast-5.0.22-cp311-cp311-musllinux_1_2_x86_64.whl", hash = "sha256:b7d90a52be79acbaef257f3a81d5b9b9dec40f1bad29429ac5c7802684fb9b84", size = 890566, upload-time = "2026-06-05T18:55:59.407Z" },
    { url = "https://files.pythonhosted.org/packages/52/81/ffc155f700c45191673e7f7620a28cbbbf5f116ff74a99f765895baa6f9c/dbus_fast-5.0.22-cp312-cp312-macosx_11_0_arm64.whl", hash = "sha256:f72b77be63f7bb24cf42936ad10994d40f43fed691f857f7854b5882d6a5227c", size = 690171, upload-time = "2026-06-05T18:56:01.151Z" },
    { url = "https://files.pythonhosted.org/packages/24/06/233b0bc13919474f70320bf389cb81ce02811956d6cf86c45e84679b63c3/dbus_fast-5.0.22-cp312-cp312-manylinux2014_aarch64.manylinux_2_17_aarch64.manylinux_2_28_aarch64.whl", hash = "sha256:8f0bcad7f71d2304a68a5b0bc0d24c3fcc14710a2ffcf5f2a27521e3aece71ca", size = 799464, upload-time = "2026-06-05T18:56:02.617Z" },
    { url = "https://files.pythonhosted.org/packages/68/e9/77bc23a6f5aebfb8f2c34489795e8517aed7eca31738438e1a4c4a4891d3/dbus_fast-5.0.22-cp312-cp312-manylinux2014_x86_64.manylinux_2_17_x86_64.manylinux_2_28_x86_64.whl", hash = "sha256:4ffcf16034f71a801bd2108aeffb6337d104c9459e8b1a218d16a917c8a2d2e9", size = 852687, upload-time = "2026-06-05T18:56:04.433Z" },
    { url = "https://files.pythonhosted.org/packages/ae/04/56769d0936d1273d1801ef574ec426ccb3f61f4b0a7a0eeb9eb2b8ccafa5/dbus_fast-5.0.22-cp312-cp312-manylinux_2_31_riscv64.manylinux_2_39_riscv64.whl", hash = "sha256:98de6d2c200d8182e1fd0bdde3206fa556b8fa14ebb752a044cd8daa87b4658c", size = 833814, upload-time = "2026-06-05T18:56:05.87Z" },
    { url = "https://files.pythonhosted.org/packages/06/ca/964f0d39a3be03b12a98f39519d34ad95b74360c7e3adf4cd4907dc25fd6/dbus_fast-5.0.22-cp312-cp312-musllinux_1_2_aarch64.whl", hash = "sha256:b013437b66dc22b8d9aca5e0b0d46bf1980208a143409469fe482d9684a2a717", size = 806891, upload-time = "2026-06-05T18:56:07.623Z" },
    { url = "https://files.pythonhosted.org/packages/f4/25/57fe6ab509ad9da2e190498fa9c37f868e38ac521d940a9edb9ba6b6c657/dbus_fast-5.0.22-cp312-cp312-musllinux_1_2_riscv64.whl", hash = "sha256:855f15b7f7805171da2b82de1c317d01cfbb9fb8ac61fcc1e8dec54d8c69fab7", size = 830867, upload-time = "2026-06-05T18:56:09.473Z" },
    { url = "https://files.pythonhosted.org/packages/be/2b/da036e9f4aeb776833139575fe0774544aa6cd13ba997eea7fbc4ab99852/dbus_fast-5.0.22-cp312-cp312-musllinux_1_2_x86_64.whl", hash = "sha256:7d1c42963235cfc015a2d2b8c5fe42b65387493b4ad4ce0ec122601c805e6742", size = 860651, upload-time = "2026-06-05T18:56:10.952Z" },
    { url = "https://files.pythonhosted.org/packages/25/1d/ebd02ae707328286c24582ac9189e4ed9c344399bc3b6a4b74e9687088eb/dbus_fast-5.0.22-cp313-cp313-macosx_11_0_arm64.whl", hash = "sha256:26e26b409e1e6edf5e2a4df8d192625fb38876b074fb5c7d0a5b15c5792e549d", size = 685921, upload-time = "2026-06-05T18:56:12.674Z" },
    { url = "https://files.pythonhosted.org/packages/76/5a/fa81a6685c763ea488ad93228cb6e036adc9af6a560f4c31643691f4cfd8/dbus_fast-5.0.22-cp313-cp313-manylinux2014_aarch64.manylinux_2_17_aarch64.manylinux_2_28_aarch64.whl", hash = "sha256:de10ff3b3cb2acb1c09fe17158a470519000d37bb5ee5fd69c4075e81ce8dcf5", size = 798472, upload-time = "2026-06-05T18:56:14.141Z" },
    { url = "https://files.pythonhosted.org/packages/6a/34/6b272e6df60be1aa4d575aa30220175a52c002a649c951d9950bfa3a72d6/dbus_fast-5.0.22-cp313-cp313-manylinux2014_x86_64.manylinux_2_17_x86_64.manylinux_2_28_x86_64.whl", hash = "sha256:979761985fe343c701f2b7575285d6e370123f7231d4656209ef7824bb686bbb", size = 850312, upload-time = "2026-06-05T18:56:16.36Z" },
    { url = "https://files.pythonhosted.org/packages/d8/5c/9045c3595ddcd4069e6b5d051df06bf11a2b022592f721c9acea1e0e4d22/dbus_fast-5.0.22-cp313-cp313-manylinux_2_31_riscv64.manylinux_2_39_riscv64.whl", hash = "sha256:fb73f1d8374253b7c17d69e902cf2ded1bfb089cb6ae67c10b4e0bdfe1b8fe08", size = 828366, upload-time = "2026-06-05T18:56:17.786Z" },
    { url = "https://files.pythonhosted.org/packages/a7/78/ca6881442b8fa29edbe6d99bec4b535b0b2e2f423075d015ff5b719c4e2c/dbus_fast-5.0.22-cp313-cp313-musllinux_1_2_aarch64.whl", hash = "sha256:b67a02037eb58bcf9e445df60ea0d9d7346fd334abde3aa62e03c75823b53979", size = 806036, upload-time = "2026-06-05T18:56:19.501Z" },
    { url = "https://files.pythonhosted.org/packages/9e/c6/458728eb1caa26171e6a8ae1d0d99bd29aaeac67ad7824bbd95d7f854a41/dbus_fast-5.0.22-cp313-cp313-musllinux_1_2_riscv64.whl", hash = "sha256:83940ea00d7ee2f0c5bcb5d19d7d05e7949e52d467616a0b735d72e7285402ec", size = 828353, upload-time = "2026-06-05T18:56:21.346Z" },
    { url = "https://files.pythonhosted.org/packages/ea/1d/830b1569264780210d44898e5b0d95cffe2830b952c2ee21ea481274cd81/dbus_fast-5.0.22-cp313-cp313-musllinux_1_2_x86_64.whl", hash = "sha256:279d212e9fb262d595af2e4b5b9e951bc00c73a5c8eeb50f158caa13705b9c84", size = 857743, upload-time = "2026-06-05T18:56:22.9Z" },
    { url = "https://files.pythonhosted.org/packages/2b/b6/171f8e92775254e2f42afe9e7501a57ace47f32de2969cb694a375dc9dce/dbus_fast-5.0.22-cp314-cp314-macosx_11_0_arm64.whl", hash = "sha256:511655d915692f55b8c5f5a535acf80cca9c6d1a35384db7fcfdabaae05dd837", size = 692986, upload-time = "2026-06-05T18:56:24.661Z" },
    { url = "https://files.pythonhosted.org/packages/b3/8c/4eefaabdf538882528164060ae83d9a34f1172b019c32c3254436834e9b1/dbus_fast-5.0.22-cp314-cp314-manylinux2014_aarch64.manylinux_2_17_aarch64.manylinux_2_28_aarch64.whl", hash = "sha256:703e0f8f9af52e8e053394ee2b578042be0c3d8ea2b1488f9db8cb14393cc13f", size = 810835, upload-time = "2026-06-05T18:56:26.356Z" },
    { url = "https://files.pythonhosted.org/packages/f5/cf/fd327dbb40ee67a9331fb587bf78aff2ab1500b35979978a5cacb10d7f8c/dbus_fast-5.0.22-cp314-cp314-manylinux2014_x86_64.manylinux_2_17_x86_64.manylinux_2_28_x86_64.whl", hash = "sha256:eb1d7e8e65561d0fd438004fd9e0f981c8a862912fed58dd4e29db1936c39d73", size = 855498, upload-time = "2026-06-05T18:56:28.009Z" },
    { url = "https://files.pythonhosted.org/packages/56/33/1709ebc16a4d353ddc4fcd29252e2b9d93bded6422a45fd6df170e0911c1/dbus_fast-5.0.22-cp314-cp314-manylinux_2_31_riscv64.manylinux_2_39_riscv64.whl", hash = "sha256:959fab6420897ab99410e67d6f9f9a7f6f4cedb6014700768f5e2d71dbff5dc6", size = 833510, upload-time = "2026-06-05T18:56:29.806Z" },
    { url = "https://files.pythonhosted.org/packages/b0/fd/89d7c34152900d986b9c78e39cc62aa73eefc22b57b3a8c946d945a85540/dbus_fast-5.0.22-cp314-cp314-manylinux_2_41_x86_64.whl", hash = "sha256:eb31c5ff339a7071b914617a69d5b7c6ba7d411da4b01a5f9b5b2fe51e9d1301", size = 853669, upload-time = "2026-06-05T18:47:56.747Z" },
    { url = "https://files.pythonhosted.org/packages/a6/a1/031cc4a89d947f1fe110f663f93dcce9230213b7accaf719790d813def04/dbus_fast-5.0.22-cp314-cp314-musllinux_1_2_aarch64.whl", hash = "sha256:856f0543c593f3480e93e67bcd1aa4ddc1d94a6076cfd3ad4e0f5e2b01b33dc3", size = 818486, upload-time = "2026-06-05T18:56:31.72Z" },
    { url = "https://files.pythonhosted.org/packages/36/e2/de8b764fdb947314fb8c2e079b556510194fd100983776845e234a107cc9/dbus_fast-5.0.22-cp314-cp314-musllinux_1_2_riscv64.whl", hash = "sha256:96d231d128c1f46f263790335897195dde9dac2f38571782db8ae1d8647bd548", size = 833582, upload-time = "2026-06-05T18:56:33.325Z" },
    { url = "https://files.pythonhosted.org/packages/b0/1f/e5f0dd28d07c4b3f7bafd3357bfa424c8dace355a3dad921fec05db4634b/dbus_fast-5.0.22-cp314-cp314-musllinux_1_2_x86_64.whl", hash = "sha256:595bd3ccfd8318cbafff79f33a15709fee3728724fd61d5fa220080d73b574cb", size = 862291, upload-time = "2026-06-05T18:56:35.102Z" },
    { url = "https://files.pythonhosted.org/packages/7c/dd/61086156a1c2d8ffd04d61a232debbaff8ca9fc1cf598476999e1f06164d/dbus_fast-5.0.22-cp314-cp314t-macosx_11_0_arm64.whl", hash = "sha256:69a077c296eaab8c30160e861b5514c33d99d67d41d17dbf02e89aae44543b11", size = 1353993, upload-time = "2026-06-05T18:56:36.849Z" },
    { url = "https://files.pythonhosted.org/packages/26/69/5b54654f598ef98e8f94fd5a40929668b1f8fcd76e7fb50de0db73d329da/dbus_fast-5.0.22-cp314-cp314t-manylinux2014_aarch64.manylinux_2_17_aarch64.manylinux_2_28_aarch64.whl", hash = "sha256:04bac97d0cb754a4d13037d0132517f1df28192d6e0568a0bf6df06623062285", size = 1534804, upload-time = "2026-06-05T18:56:38.804Z" },
    { url = "https://files.pythonhosted.org/packages/24/b7/c00d01699dc87ffc35f143226d3b296372840e2e2bc15101d35df7c74949/dbus_fast-5.0.22-cp314-cp314t-manylinux2014_x86_64.manylinux_2_17_x86_64.manylinux_2_28_x86_64.whl", hash = "sha256:3eb57d592d84b0bb90e0c077db7ecb61562f49cc9b86a3ef08cbe17243e9cc4f", size = 1613316, upload-time = "2026-06-05T18:56:40.461Z" },
    { url = "https://files.pythonhosted.org/packages/f3/94/ea0db4c1aa6409cb16551b50aa8573e72f64407ca5281b042919ef81ca1c/dbus_fast-5.0.22-cp314-cp314t-manylinux_2_31_riscv64.manylinux_2_39_riscv64.whl", hash = "sha256:de4d235d1282ebb3ab65b6cddab84e914c045d92ceb381ddcbdbaf66bf1fb132", size = 822053, upload-time = "2026-06-05T18:56:42.519Z" },
    { url = "https://files.pythonhosted.org/packages/40/e4/a3bb52185b8a8c76bd8aaba3ff4fa8395eea19fbc142122b43dc377b275c/dbus_fast-5.0.22-cp314-cp314t-musllinux_1_2_aarch64.whl", hash = "sha256:048f34299fbe82d7b87c56f47e8bd83f62339a4517685abc6671d603a55d2c89", size = 1549996, upload-time = "2026-06-05T18:56:44.307Z" },
    { url = "https://files.pythonhosted.org/packages/37/2b/6e405ba92e87d78a689a387809d975f97f8c8748b98efccfacd2b4e1d9f5/dbus_fast-5.0.22-cp314-cp314t-musllinux_1_2_riscv64.whl", hash = "sha256:92df9fb6d8adeb17b534621c2ee730295bbe1d0c2584d5c82b1db478e3f04e8f", size = 823004, upload-time = "2026-06-05T18:56:46.023Z" },
    { url = "https://files.pythonhosted.org/packages/b8/8f/77135ab8d690030cdb0ebeca879640b5945c4cbf5344ecbc507b4628da24/dbus_fast-5.0.22-cp314-cp314t-musllinux_1_2_x86_64.whl", hash = "sha256:7be4271e38251f1ad726962dec60da887c8ed352d157352e4fc27f56aece5c5d", size = 1629160, upload-time = "2026-06-05T18:56:47.688Z" },
]

[[package]]
name = "iniconfig"
version = "2.3.0"
source = { registry = "https://pypi.org/simple" }
sdist = { url = "https://files.pythonhosted.org/packages/72/34/14ca021ce8e5dfedc35312d08ba8bf51fdd999c576889fc2c24cb97f4f10/iniconfig-2.3.0.tar.gz", hash = "sha256:c76315c77db068650d49c5b56314774a7804df16fee4402c1f19d6d15d8c4730", size = 20503, upload-time = "2025-10-18T21:55:43.219Z" }
wheels = [
    { url = "https://files.pythonhosted.org/packages/cb/b1/3846dd7f199d53cb17f49cba7e651e9ce294d8497c8c150530ed11865bb8/iniconfig-2.3.0-py3-none-any.whl", hash = "sha256:f631c04d2c48c52b84d0d0549c99ff3859c98df65b3101406327ecc7d53fbf12", size = 7484, upload-time = "2025-10-18T21:55:41.639Z" },
]

[[package]]
name = "linkify-it-py"
version = "2.2.0"
source = { registry = "https://pypi.org/simple" }
sdist = { url = "https://files.pythonhosted.org/packages/45/98/7a1a5f31fd5c7ba93e963b168e244b8e3dd705b3d2a718e3c3307583bf57/linkify_it_py-2.2.0.tar.gz", hash = "sha256:907acd2d17ac1fbb9ddb62c8957ccbd6158cac602231a15c3b0cd1e215f03cee", size = 32939, upload-time = "2026-08-29T07:07:08.305Z" }
wheels = [
    { url = "https://files.pythonhosted.org/packages/13/d4/1152d1c7ab42d8b908be64fd200ddc870dc9d4925e951198702084aa1a7d/linkify_it_py-2.2.0-py3-none-any.whl", hash = "sha256:3adc40eb5af300b2605fcfdb968c24e1d780a90f1f2221af7c15e5111e94d443", size = 21971, upload-time = "2026-08-29T07:07:07.164Z" },
]

[[package]]
name = "markdown-it-py"
version = "4.2.0"
source = { registry = "https://pypi.org/simple" }
dependencies = [
    { name = "mdurl" },
]
sdist = { url = "https://files.pythonhosted.org/packages/06/ff/7841249c247aa650a76b9ee4bbaeae59370dc8bfd2f6c01f3630c35eb134/markdown_it_py-4.2.0.tar.gz", hash = "sha256:04a21681d6fbb623de53f6f364d352309d4094dd4194040a10fd51833e418d49", size = 82454, upload-time = "2026-05-07T12:08:28.36Z" }
wheels = [
    { url = "https://files.pythonhosted.org/packages/b3/81/4da04ced5a082363ecfa159c010d200ecbd959ae410c10c0264a38cac0f5/markdown_it_py-4.2.0-py3-none-any.whl", hash = "sha256:9f7ebbcd14fe59494226453aed97c1070d83f8d24b6fc3a3bcf9a38092641c4a", size = 91687, upload-time = "2026-05-07T12:08:27.182Z" },
]

[package.optional-dependencies]
linkify = [
    { name = "linkify-it-py" },
]

[[package]]
name = "mdit-py-plugins"
version = "0.6.1"
source = { registry = "https://pypi.org/simple" }
dependencies = [
    { name = "markdown-it-py" },
]
sdist = { url = "https://files.pythonhosted.org/packages/59/fc/f8d0863f8862f25602c0404d75568e89fb6b4109804645e5cdfb1be5cf56/mdit_py_plugins-0.6.1.tar.gz", hash = "sha256:a2bca0f039f39dbd35fb74ae1b5f998608c437463371f0ff7f49a19a17a114d0", size = 56114, upload-time = "2026-05-13T09:03:38.91Z" }
wheels = [
    { url = "https://files.pythonhosted.org/packages/a5/69/6da5581c6a7fede7dc261bf4e67d6adca4196f176b43288b55b3db395b6e/mdit_py_plugins-0.6.1-py3-none-any.whl", hash = "sha256:214c82fb2ac524472ab6a5bcab1de80f73b50443e187f401bfd77efbc7c6481d", size = 66663, upload-time = "2026-05-13T09:03:37.76Z" },
]

[[package]]
name = "mdurl"
version = "0.1.2"
source = { registry = "https://pypi.org/simple" }
sdist = { url = "https://files.pythonhosted.org/packages/d6/54/cfe61301667036ec958cb99bd3efefba235e65cdeb9c84d24a8293ba1d90/mdurl-0.1.2.tar.gz", hash = "sha256:bb413d29f5eea38f31dd4754dd7377d4465116fb207585f97bf925588687c1ba", size = 8729, upload-time = "2022-08-14T12:40:10.846Z" }
wheels = [
    { url = "https://files.pythonhosted.org/packages/b3/38/89ba8ad64ae25be8de66a6d463314cf1eb366222074cfda9ee839c56a4b4/mdurl-0.1.2-py3-none-any.whl", hash = "sha256:84008a41e51615a49fc9966191ff91509e3c40b939176e643fd50a5c2196b8f8", size = 9979, upload-time = "2022-08-14T12:40:09.779Z" },
]

[[package]]
name = "packaging"
version = "26.3"
source = { registry = "https://pypi.org/simple" }
sdist = { url = "https://files.pythonhosted.org/packages/7d/fa/3944b40b07da9ce895c0e6303a5ab7d53da063554f534556b134a54d6093/packaging-26.3.tar.gz", hash = "sha256:94edc256424af38762eb31306eed28beb9f0efc50a8837492c9d6fd6004aed79", size = 313412, upload-time = "2026-08-04T18:15:28.737Z" }
wheels = [
    { url = "https://files.pythonhosted.org/packages/63/34/ba1c580383c9eada3711951fef0795c80b829a078d72188184bcab9dd527/packaging-26.3-py3-none-any.whl", hash = "sha256:d7193f7c8e4e93f444fde0262bf90af30e16fa0ad0ad44cb553c87339b23cd1c", size = 129956, upload-time = "2026-08-04T18:15:27.159Z" },
]

[[package]]
name = "pi-panel-ctl"
version = "0.1.0"
source = { editable = "packages/pi-panel-ctl" }
dependencies = [
    { name = "dbus-fast" },
    { name = "pi-panel-tui-kit" },
    { name = "pi-panel-varlink" },
    { name = "tomli-w" },
]

[package.metadata]
requires-dist = [
    { name = "dbus-fast", specifier = ">=2.21" },
    { name = "pi-panel-tui-kit", editable = "packages/pi-panel-tui-kit" },
    { name = "pi-panel-varlink", editable = "packages/pi-panel-varlink" },
    { name = "tomli-w", specifier = ">=1.0" },
]

[[package]]
name = "pi-panel-tui-kit"
version = "0.1.0"
source = { editable = "packages/pi-panel-tui-kit" }
dependencies = [
    { name = "textual" },
]

[package.metadata]
requires-dist = [{ name = "textual", specifier = ">=8.2,<9" }]

[[package]]
name = "pi-panel-varlink"
version = "0.1.0"
source = { editable = "packages/pi-panel-varlink" }

[[package]]
name = "platformdirs"
version = "4.11.12"
source = { registry = "https://pypi.org/simple" }
sdist = { url = "https://files.pythonhosted.org/packages/ea/dd/65804b0c2925a1c821a05502ea57517b69a073ff400d25ab9faa3a2cf012/platformdirs-4.11.12.tar.gz", hash = "sha256:e8dc1cb58f1153fd7f61db1374317770baababec2480b37b8f01c6cc25b45267", size = 40016, upload-time = "2026-09-22T01:02:36.973Z" }
wheels = [
    { url = "https://files.pythonhosted.org/packages/ec/2b/69de6317fbf48865bb12aa56c9cfcfff46b3add0cd45250725d96146dce0/platformdirs-4.11.12-py3-none-any.whl", hash = "sha256:b1ba966ac76153d9985a0787ffab951e7c18416189873d4e4ddb2c8a04a0a254", size = 24976, upload-time = "2026-09-22T01:02:35.742Z" },
]

[[package]]
name = "pluggy"
version = "1.6.0"
source = { registry = "https://pypi.org/simple" }
sdist = { url = "https://files.pythonhosted.org/packages/f9/e2/3e91f31a7d2b083fe6ef3fa267035b518369d9511ffab804f839851d2779/pluggy-1.6.0.tar.gz", hash = "sha256:7dcc130b76258d33b90f61b658791dede3486c3e6bfb003ee5c9bfb396dd22f3", size = 69412, upload-time = "2025-05-15T12:30:07.975Z" }
wheels = [
    { url = "https://files.pythonhosted.org/packages/54/20/4d324d65cc6d9205fabedc306948156824eb9f0ee1633355a8f7ec5c66bf/pluggy-1.6.0-py3-none-any.whl", hash = "sha256:e920276dd6813095e9377c0bc5566d94c932c33b27a3e3945d8389c374dd4746", size = 20538, upload-time = "2025-05-15T12:30:06.134Z" },
]

[[package]]
name = "pygments"
version = "2.21.0"
source = { registry = "https://pypi.org/simple" }
sdist = { url = "https://files.pythonhosted.org/packages/49/2e/ced460408999b33da6b31b0021b0f37d329e202d4169aeb164493778f25b/pygments-2.21.0.tar.gz", hash = "sha256:610ca751c9bc2492b38eb9a38a7fbc93edbbb2d7182edaf34e66ae493dee5c8c", size = 5005329, upload-time = "2026-08-17T08:02:48.824Z" }
wheels = [
    { url = "https://files.pythonhosted.org/packages/71/46/17f022dd3e953bf20a04a028a21ec746d942f8d2af30fa0f124fa0e6a684/pygments-2.21.0-py3-none-any.whl", hash = "sha256:2363c69b61c4a97c838da3b130dcd6468f4848992b21a82f2a63ec34377137d9", size = 1250147, upload-time = "2026-08-17T08:02:44.912Z" },
]

[[package]]
name = "pytest"
version = "9.1.1"
source = { registry = "https://pypi.org/simple" }
dependencies = [
    { name = "colorama", marker = "sys_platform == 'win32'" },
    { name = "iniconfig" },
    { name = "packaging" },
    { name = "pluggy" },
    { name = "pygments" },
]
sdist = { url = "https://files.pythonhosted.org/packages/e4/47/b9efed96c114afcfa3c9d3fe98a76a1d14c74a9e266d397cf6eb64be5e01/pytest-9.1.1.tar.gz", hash = "sha256:1088fbde8f2b49d95a549a195707afa7a76a3ce9bcadc26b6d71f0ffda5fe313", size = 1636369, upload-time = "2026-06-19T10:58:32.857Z" }
wheels = [
    { url = "https://files.pythonhosted.org/packages/24/25/1de2678b631f5a49215c6c96fff41ba892b0a34df68d6d80292b1b48aa7f/pytest-9.1.1-py3-none-any.whl", hash = "sha256:37a86b45efb9a47a61a36449063e8e18d0cab3161329fc099eb21783169c4f0c", size = 386536, upload-time = "2026-06-19T10:58:31.347Z" },
]

[[package]]
name = "pytest-asyncio"
version = "1.4.0"
source = { registry = "https://pypi.org/simple" }
dependencies = [
    { name = "pytest" },
    { name = "typing-extensions", marker = "python_full_version < '3.13'" },
]
sdist = { url = "https://files.pythonhosted.org/packages/43/7c/d36d04db312ecf4298932ef77e6e4a9e8ad017906e24e34f0b0c361a2473/pytest_asyncio-1.4.0.tar.gz", hash = "sha256:c6c0d2259945122819f171a32ecea2c349ead889ee28176caaf492143424be42", size = 58514, upload-time = "2026-05-26T09:56:04.083Z" }
wheels = [
    { url = "https://files.pythonhosted.org/packages/03/e2/08a497ef684b88559c9cc5f4ad53a37e7b99e727094a86d6ea32536d5d3c/pytest_asyncio-1.4.0-py3-none-any.whl", hash = "sha256:933ca923a23075a87fb7070c0ec272a6848489824d887c85c812670932835aa1", size = 16930, upload-time = "2026-05-26T09:56:02.576Z" },
]

[[package]]
name = "rich"
version = "15.0.0"
source = { registry = "https://pypi.org/simple" }
dependencies = [
    { name = "markdown-it-py" },
    { name = "pygments" },
]
sdist = { url = "https://files.pythonhosted.org/packages/c0/8f/0722ca900cc807c13a6a0c696dacf35430f72e0ec571c4275d2371fca3e9/rich-15.0.0.tar.gz", hash = "sha256:edd07a4824c6b40189fb7ac9bc4c52536e9780fbbfbddf6f1e2502c31b068c36", size = 230680, upload-time = "2026-04-12T08:24:00.75Z" }
wheels = [
    { url = "https://files.pythonhosted.org/packages/82/3b/64d4899d73f91ba49a8c18a8ff3f0ea8f1c1d75481760df8c68ef5235bf5/rich-15.0.0-py3-none-any.whl", hash = "sha256:33bd4ef74232fb73fe9279a257718407f169c09b78a87ad3d296f548e27de0bb", size = 310654, upload-time = "2026-04-12T08:24:02.83Z" },
]

[[package]]
name = "textual"
version = "8.2.8"
source = { registry = "https://pypi.org/simple" }
dependencies = [
    { name = "markdown-it-py", extra = ["linkify"] },
    { name = "mdit-py-plugins" },
    { name = "platformdirs" },
    { name = "pygments" },
    { name = "rich" },
    { name = "typing-extensions" },
]
sdist = { url = "https://files.pythonhosted.org/packages/00/21/39a76b01bd5eea82a04baaca7580e105d8c59450df03998345bb2cfb307b/textual-8.2.8.tar.gz", hash = "sha256:3f106a9fbc73e39dd266c9712432087de78a6d644084c7c241d6a25c3169115b", size = 1860502, upload-time = "2026-06-30T06:51:24.495Z" }
wheels = [
    { url = "https://files.pythonhosted.org/packages/fb/be/35261223d9416a0751cdff1c7b4a6f881387218a12d439fe22fefebc8c04/textual-8.2.8-py3-none-any.whl", hash = "sha256:267375fd402dc8d981457212efa71f0e3365fd17bba144ba9bb3ed7563cb374a", size = 731418, upload-time = "2026-06-30T06:51:26.364Z" },
]

[[package]]
name = "tomli-w"
version = "1.2.0"
source = { registry = "https://pypi.org/simple" }
sdist = { url = "https://files.pythonhosted.org/packages/19/75/241269d1da26b624c0d5e110e8149093c759b7a286138f4efd61a60e75fe/tomli_w-1.2.0.tar.gz", hash = "sha256:2dd14fac5a47c27be9cd4c976af5a12d87fb1f0b4512f81d69cce3b35ae25021", size = 7184, upload-time = "2025-01-15T12:07:24.262Z" }
wheels = [
    { url = "https://files.pythonhosted.org/packages/c7/18/c86eb8e0202e32dd3df50d43d7ff9854f8e0603945ff398974c1d91ac1ef/tomli_w-1.2.0-py3-none-any.whl", hash = "sha256:188306098d013b691fcadc011abd66727d3c414c571bb01b1a174ba8c983cf90", size = 6675, upload-time = "2025-01-15T12:07:22.074Z" },
]

[[package]]
name = "typing-extensions"
version = "4.16.0"
source = { registry = "https://pypi.org/simple" }
sdist = { url = "https://files.pythonhosted.org/packages/f6/cc/6253133b5bb138fc3306cebfbda2c520f545d36b5be2c7255cc528bb45d6/typing_extensions-4.16.0.tar.gz", hash = "sha256:dc983d19a509c94dba722ee6abd33940f7c05a89e243c47e907eb4db6f1a43e5", size = 113555, upload-time = "2026-07-02T08:40:05.92Z" }
wheels = [
    { url = "https://files.pythonhosted.org/packages/49/d3/b8441a820a491ddfc024b0b0cf0393375b75ea13866d9c66727e54c2fc80/typing_extensions-4.16.0-py3-none-any.whl", hash = "sha256:481caa481374e813c1b176ada14e97f1f67a4539ce9cfeb3f350d78d6370c2e8", size = 45571, upload-time = "2026-07-02T08:40:04.659Z" },
]
